
Microsoft Visual Studio Solution File, Format Version 12.00
# Visual Studio Version 17
VisualStudioVersion = 17.2.32516.85
MinimumVisualStudioVersion = 10.0.40219.1
Project("{FAE04EC0-301F-11D3-BF4B-00C04F79EFBC}") = "Reciever", "Reciever\Reciever.csproj", "{20C53E1B-9EF8-468F-9A4F-AA9E34B740F5}"
EndProject
Global
	GlobalSection(SolutionConfigurationPlatforms) = preSolution
		Debug|Any CPU = Debug|Any CPU
		Release|Any CPU = Release|Any CPU
	EndGlobalSection
	GlobalSection(ProjectConfigurationPlatforms) = postSolution
		{20C53E1B-9EF8-468F-9A4F-AA9E34B740F5}.Debug|Any CPU.ActiveCfg = Debug|Any CPU
		{20C53E1B-9EF8-468F-9A4F-AA9E34B740F5}.Debug|Any CPU.Build.0 = Debug|Any CPU
		{20C53E1B-9EF8-468F-9A4F-AA9E34B740F5}.Release|Any CPU.ActiveCfg = Release|Any CPU
		{20C53E1B-9EF8-468F-9A4F-AA9E34B740F5}.Release|Any CPU.Build.0 = Release|Any CPU
	EndGlobalSection
	GlobalSection(SolutionProperties) = preSolution
		HideSolutionNode = FALSE
	EndGlobalSection
	GlobalSection(ExtensibilityGlobals) = postSolution
		SolutionGuid = {19245B9A-7A7B-47CE-98A0-80107B3731BE}
	EndGlobalSection
EndGlobal
